// !$*UTF8*$!
{
	archiveVersion = 1;
	classes = {
	};
	objectVersion = 46;
	objects = {

/* Begin PBXBuildFile section */
		345373701E7A25A90067F774 /* AppDelegate.swift in Sources */ = {isa = PBXBuildFile; fileRef = 3453736F1E7A25A90067F774 /* AppDelegate.swift */; };
		345373721E7A25A90067F774 /* CameraVC.swift in Sources */ = {isa = PBXBuildFile; fileRef = 345373711E7A25A90067F774 /* CameraVC.swift */; };
		345373751E7A25A90067F774 /* Main.storyboard in Resources */ = {isa = PBXBuildFile; fileRef = 345373731E7A25A90067F774 /* Main.storyboard */; };
		345373771E7A25A90067F774 /* Assets.xcassets in Resources */ = {isa = PBXBuildFile; fileRef = 345373761E7A25A90067F774 /* Assets.xcassets */; };
		3453737A1E7A25A90067F774 /* LaunchScreen.storyboard in Resources */ = {isa = PBXBuildFile; fileRef = 345373781E7A25A90067F774 /* LaunchScreen.storyboard */; };
		345373861E7A279F0067F774 /* AVCamPreviewView.m in Sources */ = {isa = PBXBuildFile; fileRef = 345373831E7A279F0067F774 /* AVCamPreviewView.m */; };
		345373871E7A279F0067F774 /* AVCamCameraViewController.m in Sources */ = {isa = PBXBuildFile; fileRef = 345373851E7A279F0067F774 /* AVCamCameraViewController.m */; };
		3453738C1E7A28660067F774 /* AVCamAppDelegate.m in Sources */ = {isa = PBXBuildFile; fileRef = 3453738B1E7A28660067F774 /* AVCamAppDelegate.m */; };
		3453738F1E7A28720067F774 /* AVCamPhotoCaptureDelegate.m in Sources */ = {isa = PBXBuildFile; fileRef = 3453738E1E7A28720067F774 /* AVCamPhotoCaptureDelegate.m */; };
/* End PBXBuildFile section */

/* Begin PBXFileReference section */
		3453736C1E7A25A90067F774 /* Devchat.app */ = {isa = PBXFileReference; explicitFileType = wrapper.application; includeInIndex = 0; path = Devchat.app; sourceTree = BUILT_PRODUCTS_DIR; };
		3453736F1E7A25A90067F774 /* AppDelegate.swift */ = {isa = PBXFileReference; lastKnownFileType = sourcecode.swift; path = AppDelegate.swift; sourceTree = "<group>"; };
		345373711E7A25A90067F774 /* CameraVC.swift */ = {isa = PBXFileReference; lastKnownFileType = sourcecode.swift; path = CameraVC.swift; sourceTree = "<group>"; };
		345373741E7A25A90067F774 /* Base */ = {isa = PBXFileReference; lastKnownFileType = file.storyboard; name = Base; path = Base.lproj/Main.storyboard; sourceTree = "<group>"; };
		345373761E7A25A90067F774 /* Assets.xcassets */ = {isa = PBXFileReference; lastKnownFileType = folder.assetcatalog; path = Assets.xcassets; sourceTree = "<group>"; };
		345373791E7A25A90067F774 /* Base */ = {isa = PBXFileReference; lastKnownFileType = file.storyboard; name = Base; path = Base.lproj/LaunchScreen.storyboard; sourceTree = "<group>"; };
		3453737B1E7A25A90067F774 /* Info.plist */ = {isa = PBXFileReference; lastKnownFileType = text.plist.xml; path = Info.plist; sourceTree = "<group>"; };
		345373811E7A279E0067F774 /* Devchat-Bridging-Header.h */ = {isa = PBXFileReference; lastKnownFileType = sourcecode.c.h; path = "Devchat-Bridging-Header.h"; sourceTree = "<group>"; };
		345373821E7A279F0067F774 /* AVCamPreviewView.h */ = {isa = PBXFileReference; fileEncoding = 4; lastKnownFileType = sourcecode.c.h; path = AVCamPreviewView.h; sourceTree = "<group>"; };
		345373831E7A279F0067F774 /* AVCamPreviewView.m */ = {isa = PBXFileReference; fileEncoding = 4; lastKnownFileType = sourcecode.c.objc; path = AVCamPreviewView.m; sourceTree = "<group>"; };
		345373841E7A279F0067F774 /* AVCamCameraViewController.h */ = {isa = PBXFileReference; fileEncoding = 4; lastKnownFileType = sourcecode.c.h; path = AVCamCameraViewController.h; sourceTree = "<group>"; };
		345373851E7A279F0067F774 /* AVCamCameraViewController.m */ = {isa = PBXFileReference; fileEncoding = 4; lastKnownFileType = sourcecode.c.objc; path = AVCamCameraViewController.m; sourceTree = "<group>"; };
		3453738A1E7A28660067F774 /* AVCamAppDelegate.h */ = {isa = PBXFileReference; fileEncoding = 4; lastKnownFileType = sourcecode.c.h; path = AVCamAppDelegate.h; sourceTree = "<group>"; };
		3453738B1E7A28660067F774 /* AVCamAppDelegate.m */ = {isa = PBXFileReference; fileEncoding = 4; lastKnownFileType = sourcecode.c.objc; path = AVCamAppDelegate.m; sourceTree = "<group>"; };
		3453738D1E7A28720067F774 /* AVCamPhotoCaptureDelegate.h */ = {isa = PBXFileReference; fileEncoding = 4; lastKnownFileType = sourcecode.c.h; path = AVCamPhotoCaptureDelegate.h; sourceTree = "<group>"; };
		3453738E1E7A28720067F774 /* AVCamPhotoCaptureDelegate.m */ = {isa = PBXFileReference; fileEncoding = 4; lastKnownFileType = sourcecode.c.objc; path = AVCamPhotoCaptureDelegate.m; sourceTree = "<group>"; };
/* End PBXFileReference section */

/* Begin PBXFrameworksBuildPhase section */
		345373691E7A25A90067F774 /* Frameworks */ = {
			isa = PBXFrameworksBuildPhase;
			buildActionMask = 2147483647;
			files = (
			);
			runOnlyForDeploymentPostprocessing = 0;
		};
/* End PBXFrameworksBuildPhase section */

/* Begin PBXGroup section */
		345373631E7A25A90067F774 = {
			isa = PBXGroup;
			children = (
				3453736E1E7A25A90067F774 /* Devchat */,
				3453736D1E7A25A90067F774 /* Products */,
			);
			sourceTree = "<group>";
		};
		3453736D1E7A25A90067F774 /* Products */ = {
			isa = PBXGroup;
			children = (
				3453736C1E7A25A90067F774 /* Devchat.app */,
			);
			name = Products;
			sourceTree = "<group>";
		};
		3453736E1E7A25A90067F774 /* Devchat */ = {
			isa = PBXGroup;
			children = (
				345373901E7A28780067F774 /* Supporting files */,
				345373891E7A27BA0067F774 /* Controllers */,
				345373881E7A27AA0067F774 /* View */,
				3453736F1E7A25A90067F774 /* AppDelegate.swift */,
				345373731E7A25A90067F774 /* Main.storyboard */,
				345373761E7A25A90067F774 /* Assets.xcassets */,
				345373781E7A25A90067F774 /* LaunchScreen.storyboard */,
				3453737B1E7A25A90067F774 /* Info.plist */,
				345373811E7A279E0067F774 /* Devchat-Bridging-Header.h */,
			);
			path = Devchat;
			sourceTree = "<group>";
		};
		345373881E7A27AA0067F774 /* View */ = {
			isa = PBXGroup;
			children = (
				345373821E7A279F0067F774 /* AVCamPreviewView.h */,
				345373831E7A279F0067F774 /* AVCamPreviewView.m */,
			);
			name = View;
			sourceTree = "<group>";
		};
		345373891E7A27BA0067F774 /* Controllers */ = {
			isa = PBXGroup;
			children = (
				345373841E7A279F0067F774 /* AVCamCameraViewController.h */,
				345373851E7A279F0067F774 /* AVCamCameraViewController.m */,
				345373711E7A25A90067F774 /* CameraVC.swift */,
			);
			name = Controllers;
			sourceTree = "<group>";
		};
		345373901E7A28780067F774 /* Supporting files */ = {
			isa = PBXGroup;
			children = (
				3453738A1E7A28660067F774 /* AVCamAppDelegate.h */,
				3453738B1E7A28660067F774 /* AVCamAppDelegate.m */,
				3453738D1E7A28720067F774 /* AVCamPhotoCaptureDelegate.h */,
				3453738E1E7A28720067F774 /* AVCamPhotoCaptureDelegate.m */,
			);
			name = "Supporting files";
			sourceTree = "<group>";
		};
/* End PBXGroup section */

/* Begin PBXNativeTarget section */
		3453736B1E7A25A90067F774 /* Devchat */ = {
			isa = PBXNativeTarget;
			buildConfigurationList = 3453737E1E7A25A90067F774 /* Build configuration list for PBXNativeTarget "Devchat" */;
			buildPhases = (
				345373681E7A25A90067F774 /* Sources */,
				345373691E7A25A90067F774 /* Frameworks */,
				3453736A1E7A25A90067F774 /* Resources */,
			);
			buildRules = (
			);
			dependencies = (
			);
			name = Devchat;
			productName = Devchat;
			productReference = 3453736C1E7A25A90067F774 /* Devchat.app */;
			productType = "com.apple.product-type.application";
		};
/* End PBXNativeTarget section */

/* Begin PBXProject section */
		345373641E7A25A90067F774 /* Project object */ = {
			isa = PBXProject;
			attributes = {
				LastSwiftUpdateCheck = 0820;
				LastUpgradeCheck = 0820;
				ORGANIZATIONNAME = TokyoIceHockeyChannel;
				TargetAttributes = {
					3453736B1E7A25A90067F774 = {
						CreatedOnToolsVersion = 8.2.1;
						DevelopmentTeam = Y94U73RFC7;
						LastSwiftMigration = 0820;
						ProvisioningStyle = Automatic;
					};
				};
			};
			buildConfigurationList = 345373671E7A25A90067F774 /* Build configuration list for PBXProject "Devchat" */;
			compatibilityVersion = "Xcode 3.2";
			developmentRegion = English;
			hasScannedForEncodings = 0;
			knownRegions = (
				en,
				Base,
			);
			mainGroup = 345373631E7A25A90067F774;
			productRefGroup = 3453736D1E7A25A90067F774 /* Products */;
			projectDirPath = "";
			projectRoot = "";
			targets = (
				3453736B1E7A25A90067F774 /* Devchat */,
			);
		};
/* End PBXProject section */

/* Begin PBXResourcesBuildPhase section */
		3453736A1E7A25A90067F774 /* Resources */ = {
			isa = PBXResourcesBuildPhase;
			buildActionMask = 2147483647;
			files = (
				3453737A1E7A25A90067F774 /* LaunchScreen.storyboard in Resources */,
				345373771E7A25A90067F774 /* Assets.xcassets in Resources */,
				345373751E7A25A90067F774 /* Main.storyboard in Resources */,
			);
			runOnlyForDeploymentPostprocessing = 0;
		};
/* End PBXResourcesBuildPhase section */

/* Begin PBXSourcesBuildPhase section */
		345373681E7A25A90067F774 /* Sources */ = {
			isa = PBXSourcesBuildPhase;
			buildActionMask = 2147483647;
			files = (
				345373721E7A25A90067F774 /* CameraVC.swift in Sources */,
				345373701E7A25A90067F774 /* AppDelegate.swift in Sources */,
				345373871E7A279F0067F774 /* AVCamCameraViewController.m in Sources */,
				345373861E7A279F0067F774 /* AVCamPreviewView.m in Sources */,
				3453738C1E7A28660067F774 /* AVCamAppDelegate.m in Sources */,
				3453738F1E7A28720067F774 /* AVCamPhotoCaptureDelegate.m in Sources */,
			);
			runOnlyForDeploymentPostprocessing = 0;
		};
/* End PBXSourcesBuildPhase section */

/* Begin PBXVariantGroup section */
		345373731E7A25A90067F774 /* Main.storyboard */ = {
			isa = PBXVariantGroup;
			children = (
				345373741E7A25A90067F774 /* Base */,
			);
			name = Main.storyboard;
			sourceTree = "<group>";
		};
		345373781E7A25A90067F774 /* LaunchScreen.storyboard */ = {
			isa = PBXVariantGroup;
			children = (
				345373791E7A25A90067F774 /* Base */,
			);
			name = LaunchScreen.storyboard;
			sourceTree = "<group>";
		};
/* End PBXVariantGroup section */

/* Begin XCBuildConfiguration section */
		3453737C1E7A25A90067F774 /* Debug */ = {
			isa = XCBuildConfiguration;
			buildSettings = {
				ALWAYS_SEARCH_USER_PATHS = NO;
				CLANG_ANALYZER_NONNULL = YES;
				CLANG_CXX_LANGUAGE_STANDARD = "gnu++0x";
				CLANG_CXX_LIBRARY = "libc++";
				CLANG_ENABLE_MODULES = YES;
				CLANG_ENABLE_OBJC_ARC = YES;
				CLANG_WARN_BOOL_CONVERSION = YES;
				CLANG_WARN_CONSTANT_CONVERSION = YES;
				CLANG_WARN_DIRECT_OBJC_ISA_USAGE = YES_ERROR;
				CLANG_WARN_DOCUMENTATION_COMMENTS = YES;
				CLANG_WARN_EMPTY_BODY = YES;
				CLANG_WARN_ENUM_CONVERSION = YES;
				CLANG_WARN_INFINITE_RECURSION = YES;
				CLANG_WARN_INT_CONVERSION = YES;
				CLANG_WARN_OBJC_ROOT_CLASS = YES_ERROR;
				CLANG_WARN_SUSPICIOUS_MOVE = YES;
				CLANG_WARN_UNREACHABLE_CODE = YES;
				CLANG_WARN__DUPLICATE_METHOD_MATCH = YES;
				"CODE_SIGN_IDENTITY[sdk=iphoneos*]" = "iPhone Developer";
				COPY_PHASE_STRIP = NO;
				DEBUG_INFORMATION_FORMAT = dwarf;
				ENABLE_STRICT_OBJC_MSGSEND = YES;
				ENABLE_TESTABILITY = YES;
				GCC_C_LANGUAGE_STANDARD = gnu99;
				GCC_DYNAMIC_NO_PIC = NO;
				GCC_NO_COMMON_BLOCKS = YES;
				GCC_OPTIMIZATION_LEVEL = 0;
				GCC_PREPROCESSOR_DEFINITIONS = (
					"DEBUG=1",
					"$(inherited)",
				);
				GCC_WARN_64_TO_32_BIT_CONVERSION = YES;
				GCC_WARN_ABOUT_RETURN_TYPE = YES_ERROR;
				GCC_WARN_UNDECLARED_SELECTOR = YES;
				GCC_WARN_UNINITIALIZED_AUTOS = YES_AGGRESSIVE;
				GCC_WARN_UNUSED_FUNCTION = YES;
				GCC_WARN_UNUSED_VARIABLE = YES;
				IPHONEOS_DEPLOYMENT_TARGET = 10.2;
				MTL_ENABLE_DEBUG_INFO = YES;
				ONLY_ACTIVE_ARCH = YES;
				SDKROOT = iphoneos;
				SWIFT_ACTIVE_COMPILATION_CONDITIONS = DEBUG;
				SWIFT_OPTIMIZATION_LEVEL = "-Onone";
			};
			name = Debug;
		};
		3453737D1E7A25A90067F774 /* Release */ = {
			isa = XCBuildConfiguration;
			buildSettings = {
				ALWAYS_SEARCH_USER_PATHS = NO;
				CLANG_ANALYZER_NONNULL = YES;
				CLANG_CXX_LANGUAGE_STANDARD = "gnu++0x";
				CLANG_CXX_LIBRARY = "libc++";
				CLANG_ENABLE_MODULES = YES;
				CLANG_ENABLE_OBJC_ARC = YES;
				CLANG_WARN_BOOL_CONVERSION = YES;
				CLANG_WARN_CONSTANT_CONVERSION = YES;
				CLANG_WARN_DIRECT_OBJC_ISA_USAGE = YES_ERROR;
				CLANG_WARN_DOCUMENTATION_COMMENTS = YES;
				CLANG_WARN_EMPTY_BODY = YES;
				CLANG_WARN_ENUM_CONVERSION = YES;
				CLANG_WARN_INFINITE_RECURSION = YES;
				CLANG_WARN_INT_CONVERSION = YES;
				CLANG_WARN_OBJC_ROOT_CLASS = YES_ERROR;
				CLANG_WARN_SUSPICIOUS_MOVE = YES;
				CLANG_WARN_UNREACHABLE_CODE = YES;
				CLANG_WARN__DUPLICATE_METHOD_MATCH = YES;
				"CODE_SIGN_IDENTITY[sdk=iphoneos*]" = "iPhone Developer";
				COPY_PHASE_STRIP = NO;
				DEBUG_INFORMATION_FORMAT = "dwarf-with-dsym";
				ENABLE_NS_ASSERTIONS = NO;
				ENABLE_STRICT_OBJC_MSGSEND = YES;
				GCC_C_LANGUAGE_STANDARD = gnu99;
				GCC_NO_COMMON_BLOCKS = YES;
				GCC_WARN_64_TO_32_BIT_CONVERSION = YES;
				GCC_WARN_ABOUT_RETURN_TYPE = YES_ERROR;
				GCC_WARN_UNDECLARED_SELECTOR = YES;
				GCC_WARN_UNINITIALIZED_AUTOS = YES_AGGRESSIVE;
				GCC_WARN_UNUSED_FUNCTION = YES;
				GCC_WARN_UNUSED_VARIABLE = YES;
				IPHONEOS_DEPLOYMENT_TARGET = 10.2;
				MTL_ENABLE_DEBUG_INFO = NO;
				SDKROOT = iphoneos;
				SWIFT_OPTIMIZATION_LEVEL = "-Owholemodule";
				VALIDATE_PRODUCT = YES;
			};
			name = Release;
		};
		3453737F1E7A25A90067F774 /* Debug */ = {
			isa = XCBuildConfiguration;
			buildSettings = {
				ASSETCATALOG_COMPILER_APPICON_NAME = AppIcon;
				CLANG_ENABLE_MODULES = YES;
				DEVELOPMENT_TEAM = Y94U73RFC7;
				INFOPLIST_FILE = Devchat/Info.plist;
				LD_RUNPATH_SEARCH_PATHS = "$(inherited) @executable_path/Frameworks";
				PRODUCT_BUNDLE_IDENTIFIER = com.resports.Devchat;
				PRODUCT_NAME = "$(TARGET_NAME)";
				SWIFT_OBJC_BRIDGING_HEADER = "Devchat/Devchat-Bridging-Header.h";
				SWIFT_OPTIMIZATION_LEVEL = "-Onone";
				SWIFT_VERSION = 3.0;
			};
			name = Debug;
		};
		345373801E7A25A90067F774 /* Release */ = {
			isa = XCBuildConfiguration;
			buildSettings = {
				ASSETCATALOG_COMPILER_APPICON_NAME = AppIcon;
				CLANG_ENABLE_MODULES = YES;
				DEVELOPMENT_TEAM = Y94U73RFC7;
				INFOPLIST_FILE = Devchat/Info.plist;
				LD_RUNPATH_SEARCH_PATHS = "$(inherited) @executable_path/Frameworks";
				PRODUCT_BUNDLE_IDENTIFIER = com.resports.Devchat;
				PRODUCT_NAME = "$(TARGET_NAME)";
				SWIFT_OBJC_BRIDGING_HEADER = "Devchat/Devchat-Bridging-Header.h";
				SWIFT_VERSION = 3.0;
			};
			name = Release;
		};
/* End XCBuildConfiguration section */

/* Begin XCConfigurationList section */
		345373671E7A25A90067F774 /* Build configuration list for PBXProject "Devchat" */ = {
			isa = XCConfigurationList;
			buildConfigurations = (
				3453737C1E7A25A90067F774 /* Debug */,
				3453737D1E7A25A90067F774 /* Release */,
			);
			defaultConfigurationIsVisible = 0;
			defaultConfigurationName = Release;
		};
		3453737E1E7A25A90067F774 /* Build configuration list for PBXNativeTarget "Devchat" */ = {
			isa = XCConfigurationList;
			buildConfigurations = (
				3453737F1E7A25A90067F774 /* Debug */,
				345373801E7A25A90067F774 /* Release */,
			);
			defaultConfigurationIsVisible = 0;
		};
/* End XCConfigurationList section */
	};
	rootObject = 345373641E7A25A90067F774 /* Project object */;
}
